
Microsoft Visual Studio Solution File, Format Version 12.00
# Visual Studio Version 16
VisualStudioVersion = 16.0.28803.352
MinimumVisualStudioVersion = 10.0.40219.1
Project("{FAE04EC0-301F-11D3-BF4B-00C04F79EFBC}") = "AccessLog", "AccessLog\AccessLog.csproj", "{CF49D2BD-AC0E-49DD-8A93-2437CFDACB00}"
EndProject
Global
	GlobalSection(SolutionConfigurationPlatforms) = preSolution
		Debug|Any CPU = Debug|Any CPU
		Release|Any CPU = Release|Any CPU
	EndGlobalSection
	GlobalSection(ProjectConfigurationPlatforms) = postSolution
		{CF49D2BD-AC0E-49DD-8A93-2437CFDACB00}.Debug|Any CPU.ActiveCfg = Debug|Any CPU
		{CF49D2BD-AC0E-49DD-8A93-2437CFDACB00}.Debug|Any CPU.Build.0 = Debug|Any CPU
		{CF49D2BD-AC0E-49DD-8A93-2437CFDACB00}.Release|Any CPU.ActiveCfg = Release|Any CPU
		{CF49D2BD-AC0E-49DD-8A93-2437CFDACB00}.Release|Any CPU.Build.0 = Release|Any CPU
	EndGlobalSection
	GlobalSection(SolutionProperties) = preSolution
		HideSolutionNode = FALSE
	EndGlobalSection
	GlobalSection(ExtensibilityGlobals) = postSolution
		SolutionGuid = {1309FD8A-B388-4CAF-B5CC-D3493F222DC5}
	EndGlobalSection
EndGlobal
